
Microsoft Visual Studio Solution File, Format Version 12.00
# Visual Studio Version 17
VisualStudioVersion = 17.9.34723.18
MinimumVisualStudioVersion = 10.0.40219.1
Project("{FAE04EC0-301F-11D3-BF4B-00C04F79EFBC}") = "ATMApp", "ATMApp.csproj", "{8B97C5B8-6705-471D-B011-A9BE4B9E792F}"
EndProject
Global
	GlobalSection(SolutionConfigurationPlatforms) = preSolution
		Debug|Any CPU = Debug|Any CPU
		Release|Any CPU = Release|Any CPU
	EndGlobalSection
	GlobalSection(ProjectConfigurationPlatforms) = postSolution
		{8B97C5B8-6705-471D-B011-A9BE4B9E792F}.Debug|Any CPU.ActiveCfg = Debug|Any CPU
		{8B97C5B8-6705-471D-B011-A9BE4B9E792F}.Debug|Any CPU.Build.0 = Debug|Any CPU
		{8B97C5B8-6705-471D-B011-A9BE4B9E792F}.Release|Any CPU.ActiveCfg = Release|Any CPU
		{8B97C5B8-6705-471D-B011-A9BE4B9E792F}.Release|Any CPU.Build.0 = Release|Any CPU
	EndGlobalSection
	GlobalSection(SolutionProperties) = preSolution
		HideSolutionNode = FALSE
	EndGlobalSection
	GlobalSection(ExtensibilityGlobals) = postSolution
		SolutionGuid = {5877DB04-BC6A-46A9-96C0-6996611B3F3F}
	EndGlobalSection
EndGlobal
